
Microsoft Visual Studio Solution File, Format Version 12.00
# Visual Studio Version 16
VisualStudioVersion = 16.0.29009.5
MinimumVisualStudioVersion = 10.0.40219.1
Project("{FAE04EC0-301F-11D3-BF4B-00C04F79EFBC}") = "Web", "Web\Web.csproj", "{1017180B-C2C3-4F9D-80D2-4B1E6A8F42DA}"
EndProject
Global
	GlobalSection(SolutionConfigurationPlatforms) = preSolution
		Debug|Any CPU = Debug|Any CPU
		Release|Any CPU = Release|Any CPU
	EndGlobalSection
	GlobalSection(ProjectConfigurationPlatforms) = postSolution
		{1017180B-C2C3-4F9D-80D2-4B1E6A8F42DA}.Debug|Any CPU.ActiveCfg = Debug|Any CPU
		{1017180B-C2C3-4F9D-80D2-4B1E6A8F42DA}.Debug|Any CPU.Build.0 = Debug|Any CPU
		{1017180B-C2C3-4F9D-80D2-4B1E6A8F42DA}.Release|Any CPU.ActiveCfg = Release|Any CPU
		{1017180B-C2C3-4F9D-80D2-4B1E6A8F42DA}.Release|Any CPU.Build.0 = Release|Any CPU
	EndGlobalSection
	GlobalSection(SolutionProperties) = preSolution
		HideSolutionNode = FALSE
	EndGlobalSection
	GlobalSection(ExtensibilityGlobals) = postSolution
		SolutionGuid = {699B4520-9BC8-4D8A-B2E6-AD79BD2FD01A}
	EndGlobalSection
EndGlobal
